
Microsoft Visual Studio Solution File, Format Version 12.00
# Visual Studio Version 16
VisualStudioVersion = 16.0.30503.244
MinimumVisualStudioVersion = 10.0.40219.1
Project("{FAE04EC0-301F-11D3-BF4B-00C04F79EFBC}") = "Pi.Store.Api", "Pi.Store.Api\Pi.Store.Api.csproj", "{EFF91541-89FA-488B-B239-9BD972F081F9}"
EndProject
Project("{FAE04EC0-301F-11D3-BF4B-00C04F79EFBC}") = "Pi.Core", "Pi.Core\Pi.Core.csproj", "{0550F132-D067-4603-AECF-3DC80BA75656}"
EndProject
Project("{FAE04EC0-301F-11D3-BF4B-00C04F79EFBC}") = "Pi.Data", "Pi.Data\Pi.Data.csproj", "{498930DA-3631-4A1F-A0F9-ABEEC4CED7D1}"
EndProject
Project("{FAE04EC0-301F-11D3-BF4B-00C04F79EFBC}") = "Pi.Service", "Pi.Service\Pi.Service.csproj", "{F3DC6BF3-89D2-4C23-9D58-4D789A586A8F}"
EndProject
Project("{FAE04EC0-301F-11D3-BF4B-00C04F79EFBC}") = "Pi.Utility", "Pi.Utility\Pi.Utility.csproj", "{FF3A3372-FE51-4B72-8888-CB972EE8583C}"
EndProject
Global
	GlobalSection(SolutionConfigurationPlatforms) = preSolution
		Debug|Any CPU = Debug|Any CPU
		Release|Any CPU = Release|Any CPU
	EndGlobalSection
	GlobalSection(ProjectConfigurationPlatforms) = postSolution
		{EFF91541-89FA-488B-B239-9BD972F081F9}.Debug|Any CPU.ActiveCfg = Debug|Any CPU
		{EFF91541-89FA-488B-B239-9BD972F081F9}.Debug|Any CPU.Build.0 = Debug|Any CPU
		{EFF91541-89FA-488B-B239-9BD972F081F9}.Release|Any CPU.ActiveCfg = Release|Any CPU
		{EFF91541-89FA-488B-B239-9BD972F081F9}.Release|Any CPU.Build.0 = Release|Any CPU
		{0550F132-D067-4603-AECF-3DC80BA75656}.Debug|Any CPU.ActiveCfg = Debug|Any CPU
		{0550F132-D067-4603-AECF-3DC80BA75656}.Debug|Any CPU.Build.0 = Debug|Any CPU
		{0550F132-D067-4603-AECF-3DC80BA75656}.Release|Any CPU.ActiveCfg = Release|Any CPU
		{0550F132-D067-4603-AECF-3DC80BA75656}.Release|Any CPU.Build.0 = Release|Any CPU
		{498930DA-3631-4A1F-A0F9-ABEEC4CED7D1}.Debug|Any CPU.ActiveCfg = Debug|Any CPU
		{498930DA-3631-4A1F-A0F9-ABEEC4CED7D1}.Debug|Any CPU.Build.0 = Debug|Any CPU
		{498930DA-3631-4A1F-A0F9-ABEEC4CED7D1}.Release|Any CPU.ActiveCfg = Release|Any CPU
		{498930DA-3631-4A1F-A0F9-ABEEC4CED7D1}.Release|Any CPU.Build.0 = Release|Any CPU
		{F3DC6BF3-89D2-4C23-9D58-4D789A586A8F}.Debug|Any CPU.ActiveCfg = Debug|Any CPU
		{F3DC6BF3-89D2-4C23-9D58-4D789A586A8F}.Debug|Any CPU.Build.0 = Debug|Any CPU
		{F3DC6BF3-89D2-4C23-9D58-4D789A586A8F}.Release|Any CPU.ActiveCfg = Release|Any CPU
		{F3DC6BF3-89D2-4C23-9D58-4D789A586A8F}.Release|Any CPU.Build.0 = Release|Any CPU
		{FF3A3372-FE51-4B72-8888-CB972EE8583C}.Debug|Any CPU.ActiveCfg = Debug|Any CPU
		{FF3A3372-FE51-4B72-8888-CB972EE8583C}.Debug|Any CPU.Build.0 = Debug|Any CPU
		{FF3A3372-FE51-4B72-8888-CB972EE8583C}.Release|Any CPU.ActiveCfg = Release|Any CPU
		{FF3A3372-FE51-4B72-8888-CB972EE8583C}.Release|Any CPU.Build.0 = Release|Any CPU
	EndGlobalSection
	GlobalSection(SolutionProperties) = preSolution
		HideSolutionNode = FALSE
	EndGlobalSection
	GlobalSection(ExtensibilityGlobals) = postSolution
		SolutionGuid = {B3909A4A-AA72-4867-9D1C-49F7B76C54C2}
	EndGlobalSection
EndGlobal
